# @generated - this file is auto-generated by `mise lock` https://mise.jdx.dev/dev-tools/mise-lock.html

[[tools."aqua:pressly/goose"]]
version = "3.27.3"
backend = "aqua:pressly/goose"

[tools."aqua:pressly/goose"."platforms.linux-arm64"]
checksum = "sha256:a774a3ed3381352a795b2a019b604792965546f6f47b34b59896288d97bf4809"
url = "https://github.com/pressly/goose/releases/download/v3.27.3/goose_linux_arm64"
url_api = "https://api.github.com/repos/pressly/goose/releases/assets/485951435"

[tools."aqua:pressly/goose"."platforms.linux-arm64-musl"]
checksum = "sha256:a774a3ed3381352a795b2a019b604792965546f6f47b34b59896288d97bf4809"
url = "https://github.com/pressly/goose/releases/download/v3.27.3/goose_linux_arm64"
url_api = "https://api.github.com/repos/pressly/goose/releases/assets/485951435"

[tools."aqua:pressly/goose"."platforms.linux-x64"]
checksum = "sha256:ca18112e2438b3ad608af9a5938beafd01fa36a4a19a3edbe4f29226ca5c8533"
url = "https://github.com/pressly/goose/releases/download/v3.27.3/goose_linux_x86_64"
url_api = "https://api.github.com/repos/pressly/goose/releases/assets/485951436"

[tools."aqua:pressly/goose"."platforms.linux-x64-musl"]
checksum = "sha256:ca18112e2438b3ad608af9a5938beafd01fa36a4a19a3edbe4f29226ca5c8533"
url = "https://github.com/pressly/goose/releases/download/v3.27.3/goose_linux_x86_64"
url_api = "https://api.github.com/repos/pressly/goose/releases/assets/485951436"

[tools."aqua:pressly/goose"."platforms.macos-arm64"]
checksum = "sha256:86bf41d1a81e2eabc0f621dc020303513364d9cad9e3d1d4987fdfcf7dd8f4ae"
url = "https://github.com/pressly/goose/releases/download/v3.27.3/goose_darwin_arm64"
url_api = "https://api.github.com/repos/pressly/goose/releases/assets/485951416"

[tools."aqua:pressly/goose"."platforms.macos-x64"]
checksum = "sha256:bdaaddcaf1bce02a31a580242db507cfec35354ea14fb9e4a6c6aea1031422d5"
url = "https://github.com/pressly/goose/releases/download/v3.27.3/goose_darwin_x86_64"
url_api = "https://api.github.com/repos/pressly/goose/releases/assets/485951412"

[tools."aqua:pressly/goose"."platforms.windows-x64"]
checksum = "sha256:7957b982e4374a377649483229ed2f5e03dc53a0dc9e83a682c3d8fc48ca4b3e"
url = "https://github.com/pressly/goose/releases/download/v3.27.3/goose_windows_x86_64.exe"
url_api = "https://api.github.com/repos/pressly/goose/releases/assets/485951409"

[[tools."github:nats-io/nats-server"]]
version = "2.12.15"
backend = "github:nats-io/nats-server"

[tools."github:nats-io/nats-server"."platforms.linux-arm64"]
checksum = "sha256:b724db99fefbf8f5c808baa82819ee50350aee9734017e4a478f7e545cef3ab6"
url = "https://github.com/nats-io/nats-server/releases/download/v2.12.15/nats-server-v2.12.15-linux-arm64.tar.gz"
url_api = "https://api.github.com/repos/nats-io/nats-server/releases/assets/511728805"

[tools."github:nats-io/nats-server"."platforms.linux-arm64-musl"]
checksum = "sha256:b724db99fefbf8f5c808baa82819ee50350aee9734017e4a478f7e545cef3ab6"
url = "https://github.com/nats-io/nats-server/releases/download/v2.12.15/nats-server-v2.12.15-linux-arm64.tar.gz"
url_api = "https://api.github.com/repos/nats-io/nats-server/releases/assets/511728805"

[tools."github:nats-io/nats-server"."platforms.linux-x64"]
checksum = "sha256:58ab8131f819263897e2fc38e503e1b755b63bcafeecc7d12582487df48ca15e"
url = "https://github.com/nats-io/nats-server/releases/download/v2.12.15/nats-server-v2.12.15-linux-amd64.tar.gz"
url_api = "https://api.github.com/repos/nats-io/nats-server/releases/assets/511728787"

[tools."github:nats-io/nats-server"."platforms.linux-x64-musl"]
checksum = "sha256:58ab8131f819263897e2fc38e503e1b755b63bcafeecc7d12582487df48ca15e"
url = "https://github.com/nats-io/nats-server/releases/download/v2.12.15/nats-server-v2.12.15-linux-amd64.tar.gz"
url_api = "https://api.github.com/repos/nats-io/nats-server/releases/assets/511728787"

[tools."github:nats-io/nats-server"."platforms.macos-arm64"]
checksum = "sha256:916ca2c7ca57ae3238c740f2bb7dcfdcc46d0ddc4b0a6c8e80983d8af9c43c3a"
url = "https://github.com/nats-io/nats-server/releases/download/v2.12.15/nats-server-v2.12.15-darwin-arm64.tar.gz"
url_api = "https://api.github.com/repos/nats-io/nats-server/releases/assets/511728781"

[tools."github:nats-io/nats-server"."platforms.macos-x64"]
checksum = "sha256:1b3e7bfb3cf6d11d2083128d68c53499984922b3f6c33cb6a4b9ee325977eadf"
url = "https://github.com/nats-io/nats-server/releases/download/v2.12.15/nats-server-v2.12.15-darwin-amd64.tar.gz"
url_api = "https://api.github.com/repos/nats-io/nats-server/releases/assets/511728783"

[tools."github:nats-io/nats-server"."platforms.windows-x64"]
checksum = "sha256:ed2f6d265abb6c6b151b077d1b6810d006f6e01453d864104de5ce4dc6ee6c27"
url = "https://github.com/nats-io/nats-server/releases/download/v2.12.15/nats-server-v2.12.15-windows-amd64.zip"
url_api = "https://api.github.com/repos/nats-io/nats-server/releases/assets/511728801"

[[tools.go]]
version = "1.26.7"
backend = "core:go"

[tools.go."platforms.linux-arm64"]
checksum = "sha256:5a4ec883379d51ee9ce1040d5e87f8d35e20387574dd8c947feb01eabc3c1b37"
url = "https://dl.google.com/go/go1.26.7.linux-arm64.tar.gz"

[tools.go."platforms.linux-arm64-musl"]
checksum = "sha256:5a4ec883379d51ee9ce1040d5e87f8d35e20387574dd8c947feb01eabc3c1b37"
url = "https://dl.google.com/go/go1.26.7.linux-arm64.tar.gz"

[tools.go."platforms.linux-x64"]
checksum = "sha256:ffb5f8de10c62550dfddab66b36b57030721e0a44a3218e9e1181d7b59f121ca"
url = "https://dl.google.com/go/go1.26.7.linux-amd64.tar.gz"

[tools.go."platforms.linux-x64-musl"]
checksum = "sha256:ffb5f8de10c62550dfddab66b36b57030721e0a44a3218e9e1181d7b59f121ca"
url = "https://dl.google.com/go/go1.26.7.linux-amd64.tar.gz"

[tools.go."platforms.macos-arm64"]
checksum = "sha256:020a1e8224811be75163e920bc77e0926a1390a6aeea19bdcf23f74b9d749f6d"
url = "https://dl.google.com/go/go1.26.7.darwin-arm64.tar.gz"

[tools.go."platforms.macos-x64"]
checksum = "sha256:92e8b34bff3c89ab16404c595669ac8cb004cc2f676dcbd1f5b87a6b8def3b47"
url = "https://dl.google.com/go/go1.26.7.darwin-amd64.tar.gz"

[tools.go."platforms.windows-x64"]
checksum = "sha256:f4f534a486e4bc3387fa18f08208f2f854b7aaea8a08f2a2d829a914a05abb11"
url = "https://dl.google.com/go/go1.26.7.windows-amd64.zip"

[[tools.golangci-lint]]
version = "2.13.1"
backend = "aqua:golangci/golangci-lint"

[tools.golangci-lint."platforms.linux-arm64"]
checksum = "sha256:908317c23db18448f924e853b3d8a659fd919614cd438f224810a4053daa2607"
url = "https://github.com/golangci/golangci-lint/releases/download/v2.13.1/golangci-lint-2.13.1-linux-arm64.tar.gz"
url_api = "https://api.github.com/repos/golangci/golangci-lint/releases/assets/522396912"
provenance = "github-attestations"

[tools.golangci-lint."platforms.linux-arm64-musl"]
checksum = "sha256:908317c23db18448f924e853b3d8a659fd919614cd438f224810a4053daa2607"
url = "https://github.com/golangci/golangci-lint/releases/download/v2.13.1/golangci-lint-2.13.1-linux-arm64.tar.gz"
url_api = "https://api.github.com/repos/golangci/golangci-lint/releases/assets/522396912"
provenance = "github-attestations"

[tools.golangci-lint."platforms.linux-x64"]
checksum = "sha256:b17bfbc9d4aaa48be7f4f1ce3240bc3d8200c870c072bacf15c26219e2cfb9cc"
url = "https://github.com/golangci/golangci-lint/releases/download/v2.13.1/golangci-lint-2.13.1-linux-amd64.tar.gz"
url_api = "https://api.github.com/repos/golangci/golangci-lint/releases/assets/522396872"
provenance = "github-attestations"

[tools.golangci-lint."platforms.linux-x64-musl"]
checksum = "sha256:b17bfbc9d4aaa48be7f4f1ce3240bc3d8200c870c072bacf15c26219e2cfb9cc"
url = "https://github.com/golangci/golangci-lint/releases/download/v2.13.1/golangci-lint-2.13.1-linux-amd64.tar.gz"
url_api = "https://api.github.com/repos/golangci/golangci-lint/releases/assets/522396872"
provenance = "github-attestations"

[tools.golangci-lint."platforms.macos-arm64"]
checksum = "sha256:0c9818baf6fb8ad26c6d2ef51b68d5a1e260ef07727036b1431647cc44637c7c"
url = "https://github.com/golangci/golangci-lint/releases/download/v2.13.1/golangci-lint-2.13.1-darwin-arm64.tar.gz"
url_api = "https://api.github.com/repos/golangci/golangci-lint/releases/assets/522396798"
provenance = "github-attestations"

[tools.golangci-lint."platforms.macos-x64"]
checksum = "sha256:2c373363953e4e0bee2a03b7fe864a5eb6a3822927cb077d9ca33f2ae3cb2da2"
url = "https://github.com/golangci/golangci-lint/releases/download/v2.13.1/golangci-lint-2.13.1-darwin-amd64.tar.gz"
url_api = "https://api.github.com/repos/golangci/golangci-lint/releases/assets/522396867"
provenance = "github-attestations"

[tools.golangci-lint."platforms.windows-x64"]
checksum = "sha256:cc119bdd57d2b35ce36fbc174b54949e1a1e45f2cadaf64372cc799cabaf88a9"
url = "https://github.com/golangci/golangci-lint/releases/download/v2.13.1/golangci-lint-2.13.1-windows-amd64.zip"
url_api = "https://api.github.com/repos/golangci/golangci-lint/releases/assets/522396821"
provenance = "github-attestations"

[[tools.ko]]
version = "0.19.1"
backend = "aqua:ko-build/ko"

[tools.ko."platforms.linux-arm64"]
checksum = "sha256:4099b2d1170d3b8a70e049237462efc2dd14d5fa30e9d2e5e108fb4f778cdd3f"
url = "https://github.com/ko-build/ko/releases/download/v0.19.1/ko_0.19.1_Linux_arm64.tar.gz"
url_api = "https://api.github.com/repos/ko-build/ko/releases/assets/461171819"

[tools.ko."platforms.linux-arm64".provenance.slsa]
url = "https://github.com/ko-build/ko/releases/download/v0.19.1/multiple.intoto.jsonl"

[tools.ko."platforms.linux-arm64-musl"]
checksum = "sha256:4099b2d1170d3b8a70e049237462efc2dd14d5fa30e9d2e5e108fb4f778cdd3f"
url = "https://github.com/ko-build/ko/releases/download/v0.19.1/ko_0.19.1_Linux_arm64.tar.gz"
url_api = "https://api.github.com/repos/ko-build/ko/releases/assets/461171819"

[tools.ko."platforms.linux-arm64-musl".provenance.slsa]
url = "https://github.com/ko-build/ko/releases/download/v0.19.1/multiple.intoto.jsonl"

[tools.ko."platforms.linux-x64"]
checksum = "sha256:635ac6ea3fd376c935fee597fbb29ab2c2449f49ef1655085fe3aa9c25fed7a5"
url = "https://github.com/ko-build/ko/releases/download/v0.19.1/ko_0.19.1_Linux_x86_64.tar.gz"
url_api = "https://api.github.com/repos/ko-build/ko/releases/assets/461171792"

[tools.ko."platforms.linux-x64".provenance.slsa]
url = "https://github.com/ko-build/ko/releases/download/v0.19.1/multiple.intoto.jsonl"

[tools.ko."platforms.linux-x64-musl"]
checksum = "sha256:635ac6ea3fd376c935fee597fbb29ab2c2449f49ef1655085fe3aa9c25fed7a5"
url = "https://github.com/ko-build/ko/releases/download/v0.19.1/ko_0.19.1_Linux_x86_64.tar.gz"
url_api = "https://api.github.com/repos/ko-build/ko/releases/assets/461171792"

[tools.ko."platforms.linux-x64-musl".provenance.slsa]
url = "https://github.com/ko-build/ko/releases/download/v0.19.1/multiple.intoto.jsonl"

[tools.ko."platforms.macos-arm64"]
checksum = "sha256:a1338c4140c8c94e789733e21b161a3de177b467cd3c388b634fe1a869574509"
url = "https://github.com/ko-build/ko/releases/download/v0.19.1/ko_0.19.1_Darwin_arm64.tar.gz"
url_api = "https://api.github.com/repos/ko-build/ko/releases/assets/461171820"

[tools.ko."platforms.macos-arm64".provenance.slsa]
url = "https://github.com/ko-build/ko/releases/download/v0.19.1/multiple.intoto.jsonl"

[tools.ko."platforms.macos-x64"]
checksum = "sha256:1b4ed52a5e506a55b085c7f106eb743ee756c776cc90fa232a539a47ad665310"
url = "https://github.com/ko-build/ko/releases/download/v0.19.1/ko_0.19.1_Darwin_x86_64.tar.gz"
url_api = "https://api.github.com/repos/ko-build/ko/releases/assets/461171805"

[tools.ko."platforms.macos-x64".provenance.slsa]
url = "https://github.com/ko-build/ko/releases/download/v0.19.1/multiple.intoto.jsonl"

[tools.ko."platforms.windows-x64"]
checksum = "sha256:f70b0c9ea1874e81358a1886d478ebee9eb17d4f07e8dcaa779c4250a2aaea70"
url = "https://github.com/ko-build/ko/releases/download/v0.19.1/ko_0.19.1_Windows_x86_64.tar.gz"
url_api = "https://api.github.com/repos/ko-build/ko/releases/assets/461171790"

[tools.ko."platforms.windows-x64".provenance.slsa]
url = "https://github.com/ko-build/ko/releases/download/v0.19.1/multiple.intoto.jsonl"

[[tools.sqlc]]
version = "1.31.1"
backend = "aqua:sqlc-dev/sqlc"

[tools.sqlc."platforms.linux-arm64"]
url = "https://downloads.sqlc.dev/sqlc_1.31.1_linux_arm64.tar.gz"

[tools.sqlc."platforms.linux-arm64-musl"]
url = "https://downloads.sqlc.dev/sqlc_1.31.1_linux_arm64.tar.gz"

[tools.sqlc."platforms.linux-x64"]
checksum = "blake3:126418aba85a58d6a5a50f477a619a2e7ce43994681bb7327e85a17c048e14ae"
url = "https://downloads.sqlc.dev/sqlc_1.31.1_linux_amd64.tar.gz"

[tools.sqlc."platforms.linux-x64-musl"]
url = "https://downloads.sqlc.dev/sqlc_1.31.1_linux_amd64.tar.gz"

[tools.sqlc."platforms.macos-arm64"]
url = "https://downloads.sqlc.dev/sqlc_1.31.1_darwin_arm64.tar.gz"

[tools.sqlc."platforms.macos-x64"]
url = "https://downloads.sqlc.dev/sqlc_1.31.1_darwin_amd64.tar.gz"

[tools.sqlc."platforms.windows-x64"]
url = "https://downloads.sqlc.dev/sqlc_1.31.1_windows_amd64.tar.gz"
