# @generated - this file is auto-generated by `mise lock` https://mise.jdx.dev/dev-tools/mise-lock.html

[[tools."aqua:pressly/goose"]]
version = "3.27.3"
backend = "aqua:pressly/goose"

[tools."aqua:pressly/goose"."platforms.linux-arm64"]
checksum = "sha256:a774a3ed3381352a795b2a019b604792965546f6f47b34b59896288d97bf4809"
url = "https://github.com/pressly/goose/releases/download/v3.27.3/goose_linux_arm64"
url_api = "https://api.github.com/repos/pressly/goose/releases/assets/485951435"

[tools."aqua:pressly/goose"."platforms.linux-arm64-musl"]
checksum = "sha256:a774a3ed3381352a795b2a019b604792965546f6f47b34b59896288d97bf4809"
url = "https://github.com/pressly/goose/releases/download/v3.27.3/goose_linux_arm64"
url_api = "https://api.github.com/repos/pressly/goose/releases/assets/485951435"

[tools."aqua:pressly/goose"."platforms.linux-x64"]
checksum = "sha256:ca18112e2438b3ad608af9a5938beafd01fa36a4a19a3edbe4f29226ca5c8533"
url = "https://github.com/pressly/goose/releases/download/v3.27.3/goose_linux_x86_64"
url_api = "https://api.github.com/repos/pressly/goose/releases/assets/485951436"

[tools."aqua:pressly/goose"."platforms.linux-x64-musl"]
checksum = "sha256:ca18112e2438b3ad608af9a5938beafd01fa36a4a19a3edbe4f29226ca5c8533"
url = "https://github.com/pressly/goose/releases/download/v3.27.3/goose_linux_x86_64"
url_api = "https://api.github.com/repos/pressly/goose/releases/assets/485951436"

[tools."aqua:pressly/goose"."platforms.macos-arm64"]
checksum = "sha256:86bf41d1a81e2eabc0f621dc020303513364d9cad9e3d1d4987fdfcf7dd8f4ae"
url = "https://github.com/pressly/goose/releases/download/v3.27.3/goose_darwin_arm64"
url_api = "https://api.github.com/repos/pressly/goose/releases/assets/485951416"

[tools."aqua:pressly/goose"."platforms.macos-x64"]
checksum = "sha256:bdaaddcaf1bce02a31a580242db507cfec35354ea14fb9e4a6c6aea1031422d5"
url = "https://github.com/pressly/goose/releases/download/v3.27.3/goose_darwin_x86_64"
url_api = "https://api.github.com/repos/pressly/goose/releases/assets/485951412"

[tools."aqua:pressly/goose"."platforms.windows-x64"]
checksum = "sha256:7957b982e4374a377649483229ed2f5e03dc53a0dc9e83a682c3d8fc48ca4b3e"
url = "https://github.com/pressly/goose/releases/download/v3.27.3/goose_windows_x86_64.exe"
url_api = "https://api.github.com/repos/pressly/goose/releases/assets/485951409"

[[tools."github:go-gremlins/gremlins"]]
version = "0.6.0"
backend = "github:go-gremlins/gremlins"

[tools."github:go-gremlins/gremlins"."platforms.linux-arm64"]
checksum = "sha256:686542674e54559afb7e86d6994d342c19a856cfd970c315748989537936664c"
url = "https://github.com/go-gremlins/gremlins/releases/download/v0.6.0/gremlins_0.6.0_linux_arm64.tar.gz"
url_api = "https://api.github.com/repos/go-gremlins/gremlins/releases/assets/325098116"

[tools."github:go-gremlins/gremlins"."platforms.linux-arm64-musl"]
checksum = "sha256:686542674e54559afb7e86d6994d342c19a856cfd970c315748989537936664c"
url = "https://github.com/go-gremlins/gremlins/releases/download/v0.6.0/gremlins_0.6.0_linux_arm64.tar.gz"
url_api = "https://api.github.com/repos/go-gremlins/gremlins/releases/assets/325098116"

[tools."github:go-gremlins/gremlins"."platforms.linux-x64"]
checksum = "sha256:b02a42e47935f891c9a411d68c07e211c7082609e79c2435b67c85ee9658c538"
url = "https://github.com/go-gremlins/gremlins/releases/download/v0.6.0/gremlins_0.6.0_linux_amd64.tar.gz"
url_api = "https://api.github.com/repos/go-gremlins/gremlins/releases/assets/325098103"

[tools."github:go-gremlins/gremlins"."platforms.linux-x64-musl"]
checksum = "sha256:b02a42e47935f891c9a411d68c07e211c7082609e79c2435b67c85ee9658c538"
url = "https://github.com/go-gremlins/gremlins/releases/download/v0.6.0/gremlins_0.6.0_linux_amd64.tar.gz"
url_api = "https://api.github.com/repos/go-gremlins/gremlins/releases/assets/325098103"

[tools."github:go-gremlins/gremlins"."platforms.macos-arm64"]
checksum = "sha256:90de858ffad3eea5018e41cdf28747b7003966684b9420f4605eb10bdad0c301"
url = "https://github.com/go-gremlins/gremlins/releases/download/v0.6.0/gremlins_0.6.0_darwin_arm64.tar.gz"
url_api = "https://api.github.com/repos/go-gremlins/gremlins/releases/assets/325098118"

[tools."github:go-gremlins/gremlins"."platforms.macos-x64"]
checksum = "sha256:6b00937bb51a9ac994371b9835572320f1f26f4e3ffce7b212b8b85afa0a12ae"
url = "https://github.com/go-gremlins/gremlins/releases/download/v0.6.0/gremlins_0.6.0_darwin_amd64.tar.gz"
url_api = "https://api.github.com/repos/go-gremlins/gremlins/releases/assets/325098115"

[tools."github:go-gremlins/gremlins"."platforms.windows-x64"]
checksum = "sha256:5b4f42d7d9cc19149539f0117ad66521883df9793942b48d20b17904fa6526f2"
url = "https://github.com/go-gremlins/gremlins/releases/download/v0.6.0/gremlins_0.6.0_windows_amd64.tar.gz"
url_api = "https://api.github.com/repos/go-gremlins/gremlins/releases/assets/325098106"

[[tools."github:nats-io/nats-server"]]
version = "2.12.15"
backend = "github:nats-io/nats-server"

[tools."github:nats-io/nats-server"."platforms.linux-arm64"]
checksum = "sha256:b724db99fefbf8f5c808baa82819ee50350aee9734017e4a478f7e545cef3ab6"
url = "https://github.com/nats-io/nats-server/releases/download/v2.12.15/nats-server-v2.12.15-linux-arm64.tar.gz"
url_api = "https://api.github.com/repos/nats-io/nats-server/releases/assets/511728805"

[tools."github:nats-io/nats-server"."platforms.linux-arm64-musl"]
checksum = "sha256:b724db99fefbf8f5c808baa82819ee50350aee9734017e4a478f7e545cef3ab6"
url = "https://github.com/nats-io/nats-server/releases/download/v2.12.15/nats-server-v2.12.15-linux-arm64.tar.gz"
url_api = "https://api.github.com/repos/nats-io/nats-server/releases/assets/511728805"

[tools."github:nats-io/nats-server"."platforms.linux-x64"]
checksum = "sha256:58ab8131f819263897e2fc38e503e1b755b63bcafeecc7d12582487df48ca15e"
url = "https://github.com/nats-io/nats-server/releases/download/v2.12.15/nats-server-v2.12.15-linux-amd64.tar.gz"
url_api = "https://api.github.com/repos/nats-io/nats-server/releases/assets/511728787"

[tools."github:nats-io/nats-server"."platforms.linux-x64-musl"]
checksum = "sha256:58ab8131f819263897e2fc38e503e1b755b63bcafeecc7d12582487df48ca15e"
url = "https://github.com/nats-io/nats-server/releases/download/v2.12.15/nats-server-v2.12.15-linux-amd64.tar.gz"
url_api = "https://api.github.com/repos/nats-io/nats-server/releases/assets/511728787"

[tools."github:nats-io/nats-server"."platforms.macos-arm64"]
checksum = "sha256:916ca2c7ca57ae3238c740f2bb7dcfdcc46d0ddc4b0a6c8e80983d8af9c43c3a"
url = "https://github.com/nats-io/nats-server/releases/download/v2.12.15/nats-server-v2.12.15-darwin-arm64.tar.gz"
url_api = "https://api.github.com/repos/nats-io/nats-server/releases/assets/511728781"

[tools."github:nats-io/nats-server"."platforms.macos-x64"]
checksum = "sha256:1b3e7bfb3cf6d11d2083128d68c53499984922b3f6c33cb6a4b9ee325977eadf"
url = "https://github.com/nats-io/nats-server/releases/download/v2.12.15/nats-server-v2.12.15-darwin-amd64.tar.gz"
url_api = "https://api.github.com/repos/nats-io/nats-server/releases/assets/511728783"

[tools."github:nats-io/nats-server"."platforms.windows-x64"]
checksum = "sha256:ed2f6d265abb6c6b151b077d1b6810d006f6e01453d864104de5ce4dc6ee6c27"
url = "https://github.com/nats-io/nats-server/releases/download/v2.12.15/nats-server-v2.12.15-windows-amd64.zip"
url_api = "https://api.github.com/repos/nats-io/nats-server/releases/assets/511728801"

[[tools.go]]
version = "1.27.1"
backend = "core:go"

[tools.go."platforms.linux-arm64"]
checksum = "sha256:3450b45a3f9ee8568792736a5c5e70a1f2e9b36c35a8f74958c03e51d7d92bec"
url = "https://dl.google.com/go/go1.27.1.linux-arm64.tar.gz"

[tools.go."platforms.linux-arm64-musl"]
checksum = "sha256:3450b45a3f9ee8568792736a5c5e70a1f2e9b36c35a8f74958c03e51d7d92bec"
url = "https://dl.google.com/go/go1.27.1.linux-arm64.tar.gz"

[tools.go."platforms.linux-x64"]
checksum = "sha256:63d339f0da5ab53635a56f2490a7984dfe12dfcff22ad749f63edaf590168445"
url = "https://dl.google.com/go/go1.27.1.linux-amd64.tar.gz"

[tools.go."platforms.linux-x64-musl"]
checksum = "sha256:63d339f0da5ab53635a56f2490a7984dfe12dfcff22ad749f63edaf590168445"
url = "https://dl.google.com/go/go1.27.1.linux-amd64.tar.gz"

[tools.go."platforms.macos-arm64"]
checksum = "sha256:ee215d57e0ec269c60cc9ceca68e6bda321ba9ee5afe24f4b0988703c2d87d12"
url = "https://dl.google.com/go/go1.27.1.darwin-arm64.tar.gz"

[tools.go."platforms.macos-x64"]
checksum = "sha256:8f8f52c6649542cf027bbc9b9c68d1ec042f9f34808a40413f0b8b3f66f3caa4"
url = "https://dl.google.com/go/go1.27.1.darwin-amd64.tar.gz"

[tools.go."platforms.windows-x64"]
checksum = "sha256:a3911b5e0e1b1053f25ed0675f4c1c6aad1e2bfcf253df2b9be4caabd2edd95d"
url = "https://dl.google.com/go/go1.27.1.windows-amd64.zip"

[[tools.golangci-lint]]
version = "2.13.1"
backend = "aqua:golangci/golangci-lint"

[tools.golangci-lint."platforms.linux-arm64"]
checksum = "sha256:908317c23db18448f924e853b3d8a659fd919614cd438f224810a4053daa2607"
url = "https://github.com/golangci/golangci-lint/releases/download/v2.13.1/golangci-lint-2.13.1-linux-arm64.tar.gz"
url_api = "https://api.github.com/repos/golangci/golangci-lint/releases/assets/522396912"
provenance = "github-attestations"

[tools.golangci-lint."platforms.linux-arm64-musl"]
checksum = "sha256:908317c23db18448f924e853b3d8a659fd919614cd438f224810a4053daa2607"
url = "https://github.com/golangci/golangci-lint/releases/download/v2.13.1/golangci-lint-2.13.1-linux-arm64.tar.gz"
url_api = "https://api.github.com/repos/golangci/golangci-lint/releases/assets/522396912"
provenance = "github-attestations"

[tools.golangci-lint."platforms.linux-x64"]
checksum = "sha256:b17bfbc9d4aaa48be7f4f1ce3240bc3d8200c870c072bacf15c26219e2cfb9cc"
url = "https://github.com/golangci/golangci-lint/releases/download/v2.13.1/golangci-lint-2.13.1-linux-amd64.tar.gz"
url_api = "https://api.github.com/repos/golangci/golangci-lint/releases/assets/522396872"
provenance = "github-attestations"

[tools.golangci-lint."platforms.linux-x64-musl"]
checksum = "sha256:b17bfbc9d4aaa48be7f4f1ce3240bc3d8200c870c072bacf15c26219e2cfb9cc"
url = "https://github.com/golangci/golangci-lint/releases/download/v2.13.1/golangci-lint-2.13.1-linux-amd64.tar.gz"
url_api = "https://api.github.com/repos/golangci/golangci-lint/releases/assets/522396872"
provenance = "github-attestations"

[tools.golangci-lint."platforms.macos-arm64"]
checksum = "sha256:0c9818baf6fb8ad26c6d2ef51b68d5a1e260ef07727036b1431647cc44637c7c"
url = "https://github.com/golangci/golangci-lint/releases/download/v2.13.1/golangci-lint-2.13.1-darwin-arm64.tar.gz"
url_api = "https://api.github.com/repos/golangci/golangci-lint/releases/assets/522396798"
provenance = "github-attestations"

[tools.golangci-lint."platforms.macos-x64"]
checksum = "sha256:2c373363953e4e0bee2a03b7fe864a5eb6a3822927cb077d9ca33f2ae3cb2da2"
url = "https://github.com/golangci/golangci-lint/releases/download/v2.13.1/golangci-lint-2.13.1-darwin-amd64.tar.gz"
url_api = "https://api.github.com/repos/golangci/golangci-lint/releases/assets/522396867"
provenance = "github-attestations"

[tools.golangci-lint."platforms.windows-x64"]
checksum = "sha256:cc119bdd57d2b35ce36fbc174b54949e1a1e45f2cadaf64372cc799cabaf88a9"
url = "https://github.com/golangci/golangci-lint/releases/download/v2.13.1/golangci-lint-2.13.1-windows-amd64.zip"
url_api = "https://api.github.com/repos/golangci/golangci-lint/releases/assets/522396821"
provenance = "github-attestations"

[[tools.ko]]
version = "0.19.1"
backend = "aqua:ko-build/ko"

[tools.ko."platforms.linux-arm64"]
checksum = "sha256:4099b2d1170d3b8a70e049237462efc2dd14d5fa30e9d2e5e108fb4f778cdd3f"
url = "https://github.com/ko-build/ko/releases/download/v0.19.1/ko_0.19.1_Linux_arm64.tar.gz"
url_api = "https://api.github.com/repos/ko-build/ko/releases/assets/461171819"

[tools.ko."platforms.linux-arm64".provenance.slsa]
url = "https://github.com/ko-build/ko/releases/download/v0.19.1/multiple.intoto.jsonl"

[tools.ko."platforms.linux-arm64-musl"]
checksum = "sha256:4099b2d1170d3b8a70e049237462efc2dd14d5fa30e9d2e5e108fb4f778cdd3f"
url = "https://github.com/ko-build/ko/releases/download/v0.19.1/ko_0.19.1_Linux_arm64.tar.gz"
url_api = "https://api.github.com/repos/ko-build/ko/releases/assets/461171819"

[tools.ko."platforms.linux-arm64-musl".provenance.slsa]
url = "https://github.com/ko-build/ko/releases/download/v0.19.1/multiple.intoto.jsonl"

[tools.ko."platforms.linux-x64"]
checksum = "sha256:635ac6ea3fd376c935fee597fbb29ab2c2449f49ef1655085fe3aa9c25fed7a5"
url = "https://github.com/ko-build/ko/releases/download/v0.19.1/ko_0.19.1_Linux_x86_64.tar.gz"
url_api = "https://api.github.com/repos/ko-build/ko/releases/assets/461171792"

[tools.ko."platforms.linux-x64".provenance.slsa]
url = "https://github.com/ko-build/ko/releases/download/v0.19.1/multiple.intoto.jsonl"

[tools.ko."platforms.linux-x64-musl"]
checksum = "sha256:635ac6ea3fd376c935fee597fbb29ab2c2449f49ef1655085fe3aa9c25fed7a5"
url = "https://github.com/ko-build/ko/releases/download/v0.19.1/ko_0.19.1_Linux_x86_64.tar.gz"
url_api = "https://api.github.com/repos/ko-build/ko/releases/assets/461171792"

[tools.ko."platforms.linux-x64-musl".provenance.slsa]
url = "https://github.com/ko-build/ko/releases/download/v0.19.1/multiple.intoto.jsonl"

[tools.ko."platforms.macos-arm64"]
checksum = "sha256:a1338c4140c8c94e789733e21b161a3de177b467cd3c388b634fe1a869574509"
url = "https://github.com/ko-build/ko/releases/download/v0.19.1/ko_0.19.1_Darwin_arm64.tar.gz"
url_api = "https://api.github.com/repos/ko-build/ko/releases/assets/461171820"

[tools.ko."platforms.macos-arm64".provenance.slsa]
url = "https://github.com/ko-build/ko/releases/download/v0.19.1/multiple.intoto.jsonl"

[tools.ko."platforms.macos-x64"]
checksum = "sha256:1b4ed52a5e506a55b085c7f106eb743ee756c776cc90fa232a539a47ad665310"
url = "https://github.com/ko-build/ko/releases/download/v0.19.1/ko_0.19.1_Darwin_x86_64.tar.gz"
url_api = "https://api.github.com/repos/ko-build/ko/releases/assets/461171805"

[tools.ko."platforms.macos-x64".provenance.slsa]
url = "https://github.com/ko-build/ko/releases/download/v0.19.1/multiple.intoto.jsonl"

[tools.ko."platforms.windows-x64"]
checksum = "sha256:f70b0c9ea1874e81358a1886d478ebee9eb17d4f07e8dcaa779c4250a2aaea70"
url = "https://github.com/ko-build/ko/releases/download/v0.19.1/ko_0.19.1_Windows_x86_64.tar.gz"
url_api = "https://api.github.com/repos/ko-build/ko/releases/assets/461171790"

[tools.ko."platforms.windows-x64".provenance.slsa]
url = "https://github.com/ko-build/ko/releases/download/v0.19.1/multiple.intoto.jsonl"

[[tools.node]]
version = "26.6.0"
backend = "core:node"

[tools.node."platforms.linux-arm64"]
checksum = "sha256:51c59de738843677a3c97bccbdbf9895141cb308bf25a95daeafd1aade09f0d5"
url = "https://nodejs.org/dist/v26.6.0/node-v26.6.0-linux-arm64.tar.gz"

[tools.node."platforms.linux-arm64-musl"]
checksum = "sha256:a4ad7beedb23618d1febb55b02b4e96b19f90d61e80a3d8bb52d621b8acf3f82"
url = "https://unofficial-builds.nodejs.org/download/release/v26.6.0/node-v26.6.0-linux-arm64-musl.tar.gz"

[tools.node."platforms.linux-x64"]
checksum = "sha256:714f352a7539c5ce09af15e440cbaadbe935bb23ba23fcee66b066d00a063822"
url = "https://nodejs.org/dist/v26.6.0/node-v26.6.0-linux-x64.tar.gz"

[tools.node."platforms.linux-x64-musl"]
checksum = "sha256:60e6a77f6fc69f77925f15c1af78e70320c9a64fe541668c7662906ef5adf3c0"
url = "https://unofficial-builds.nodejs.org/download/release/v26.6.0/node-v26.6.0-linux-x64-musl.tar.gz"

[tools.node."platforms.macos-arm64"]
checksum = "sha256:75480cd43b6fcb35d8e772dd18983fbd9f691b2f03b1c94393206098e9944b5e"
url = "https://nodejs.org/dist/v26.6.0/node-v26.6.0-darwin-arm64.tar.gz"

[tools.node."platforms.macos-x64"]
checksum = "sha256:de075ffc09f33cc4b44ed38e1e4b2ef71f699b986f6d5952329da4973220726d"
url = "https://nodejs.org/dist/v26.6.0/node-v26.6.0-darwin-x64.tar.gz"

[tools.node."platforms.windows-x64"]
checksum = "sha256:aa81c8552f251ff280134985ccdaf16d336e2961b1e2c3eeb7b7b2221509f723"
url = "https://nodejs.org/dist/v26.6.0/node-v26.6.0-win-x64.zip"

[[tools."npm:mqtt"]]
version = "5.15.2"
backend = "npm:mqtt"

[[tools.pnpm]]
version = "11.25.0"
backend = "aqua:pnpm/pnpm"

[tools.pnpm."platforms.linux-arm64"]
checksum = "sha256:6d62b433b7a77b77e814dfaca8032bae57bb79c1a5ad50442e688c4f7fed3c8a"
url = "https://github.com/pnpm/pnpm/releases/download/v11.25.0/pnpm-linux-arm64.tar.gz"
url_api = "https://api.github.com/repos/pnpm/pnpm/releases/assets/535298943"
provenance = "github-attestations"

[tools.pnpm."platforms.linux-arm64-musl"]
checksum = "sha256:d826eaa243bb7b9c7bc21df3fae9ade147c3f0b6f035fa9fa92eef5196d1762e"
url = "https://github.com/pnpm/pnpm/releases/download/v11.25.0/pnpm-linux-arm64-musl.tar.gz"
url_api = "https://api.github.com/repos/pnpm/pnpm/releases/assets/535298947"
provenance = "github-attestations"

[tools.pnpm."platforms.linux-x64"]
checksum = "sha256:11caeed8b581d460638f836f10f6ead19cbf08d774a5b8e502628b20ebf3ac43"
url = "https://github.com/pnpm/pnpm/releases/download/v11.25.0/pnpm-linux-x64.tar.gz"
url_api = "https://api.github.com/repos/pnpm/pnpm/releases/assets/535298945"
provenance = "github-attestations"

[tools.pnpm."platforms.linux-x64-musl"]
checksum = "sha256:2a25fd5614c89d3e8e7c8cabfe9f5f2aba3c4f997fb69e6934ee257dd8753ca5"
url = "https://github.com/pnpm/pnpm/releases/download/v11.25.0/pnpm-linux-x64-musl.tar.gz"
url_api = "https://api.github.com/repos/pnpm/pnpm/releases/assets/535298949"
provenance = "github-attestations"

[tools.pnpm."platforms.macos-arm64"]
checksum = "sha256:cdcf7130ed2e7aa324c7c76ab597de66db0529b6b1e0db9e489bde538fdc0d04"
url = "https://github.com/pnpm/pnpm/releases/download/v11.25.0/pnpm-darwin-arm64.tar.gz"
url_api = "https://api.github.com/repos/pnpm/pnpm/releases/assets/535298948"
provenance = "github-attestations"

[tools.pnpm."platforms.windows-x64"]
checksum = "sha256:2d0203af85fc6fbb40f786a2671f175e9119a7c6dfcc4f30b1fa17e0f072c301"
url = "https://github.com/pnpm/pnpm/releases/download/v11.25.0/pnpm-win32-x64.zip"
url_api = "https://api.github.com/repos/pnpm/pnpm/releases/assets/535298950"
provenance = "github-attestations"

[[tools.sqlc]]
version = "1.31.1"
backend = "aqua:sqlc-dev/sqlc"

[tools.sqlc."platforms.linux-arm64"]
url = "https://downloads.sqlc.dev/sqlc_1.31.1_linux_arm64.tar.gz"

[tools.sqlc."platforms.linux-arm64-musl"]
url = "https://downloads.sqlc.dev/sqlc_1.31.1_linux_arm64.tar.gz"

[tools.sqlc."platforms.linux-x64"]
checksum = "blake3:126418aba85a58d6a5a50f477a619a2e7ce43994681bb7327e85a17c048e14ae"
url = "https://downloads.sqlc.dev/sqlc_1.31.1_linux_amd64.tar.gz"

[tools.sqlc."platforms.linux-x64-musl"]
url = "https://downloads.sqlc.dev/sqlc_1.31.1_linux_amd64.tar.gz"

[tools.sqlc."platforms.macos-arm64"]
url = "https://downloads.sqlc.dev/sqlc_1.31.1_darwin_arm64.tar.gz"

[tools.sqlc."platforms.macos-x64"]
url = "https://downloads.sqlc.dev/sqlc_1.31.1_darwin_amd64.tar.gz"

[tools.sqlc."platforms.windows-x64"]
url = "https://downloads.sqlc.dev/sqlc_1.31.1_windows_amd64.tar.gz"
